PODS:
  - AFNetworking (3.1.0):
    - AFNetworking/NSURLSession (= 3.1.0)
    - AFNetworking/Reachability (= 3.1.0)
    - AFNetworking/Security (= 3.1.0)
    - AFNetworking/Serialization (= 3.1.0)
    - AFNetworking/UIKit (= 3.1.0)
  - AFNetworking/NSURLSession (3.1.0):
    - AFNetworking/Reachability
    - AFNetworking/Security
    - AFNetworking/Serialization
  - AFNetworking/Reachability (3.1.0)
  - AFNetworking/Security (3.1.0)
  - AFNetworking/Serialization (3.1.0)
  - AFNetworking/UIKit (3.1.0):
    - AFNetworking/NSURLSession
  - PlayAppStoreSDK (0.0.1):
    - AFNetworking (~> 3)

DEPENDENCIES:
  - PlayAppStoreSDK (from `../`)

EXTERNAL SOURCES:
  PlayAppStoreSDK:
    :path: "../"

SPEC CHECKSUMS:
  AFNetworking: 5e0e199f73d8626b11e79750991f5d173d1f8b67
  PlayAppStoreSDK: 970813f5262821870d7987a6480898b293ae96e6

PODFILE CHECKSUM: 02d701beee0019f82208d432139dae46c661bc1f

COCOAPODS: 1.1.1
